
Microsoft Visual Studio Solution File, Format Version 12.00
# Visual Studio Version 16
VisualStudioVersion = 16.0.29326.143
MinimumVisualStudioVersion = 10.0.40219.1
Project("{FAE04EC0-301F-11D3-BF4B-00C04F79EFBC}") = "AzureLightControl", "AzureLightControl.csproj", "{12862F52-6B61-4609-A594-7E10E4A91411}"
EndProject
Global
	GlobalSection(SolutionConfigurationPlatforms) = preSolution
		Debug|Any CPU = Debug|Any CPU
		Release|Any CPU = Release|Any CPU
	EndGlobalSection
	GlobalSection(ProjectConfigurationPlatforms) = postSolution
		{12862F52-6B61-4609-A594-7E10E4A91411}.Debug|Any CPU.ActiveCfg = Debug|Any CPU
		{12862F52-6B61-4609-A594-7E10E4A91411}.Debug|Any CPU.Build.0 = Debug|Any CPU
		{12862F52-6B61-4609-A594-7E10E4A91411}.Release|Any CPU.ActiveCfg = Release|Any CPU
		{12862F52-6B61-4609-A594-7E10E4A91411}.Release|Any CPU.Build.0 = Release|Any CPU
	EndGlobalSection
	GlobalSection(SolutionProperties) = preSolution
		HideSolutionNode = FALSE
	EndGlobalSection
	GlobalSection(ExtensibilityGlobals) = postSolution
		SolutionGuid = {8975E5A2-1A2E-443D-944D-86A894057776}
	EndGlobalSection
EndGlobal
